
Microsoft Visual Studio Solution File, Format Version 12.00
# Visual Studio Version 17
VisualStudioVersion = 17.5.002.0
MinimumVisualStudioVersion = 10.0.40219.1
Project("{9A19103F-16F7-4668-BE54-9A1E7A4F7556}") = "AH mass crasher", "AH mass crasher.csproj", "{5C1F1B98-7068-4696-A6AB-97BDF369A6B8}"
EndProject
Global
	GlobalSection(SolutionConfigurationPlatforms) = preSolution
		Debug|Any CPU = Debug|Any CPU
		Release|Any CPU = Release|Any CPU
	EndGlobalSection
	GlobalSection(ProjectConfigurationPlatforms) = postSolution
		{5C1F1B98-7068-4696-A6AB-97BDF369A6B8}.Debug|Any CPU.ActiveCfg = Debug|Any CPU
		{5C1F1B98-7068-4696-A6AB-97BDF369A6B8}.Debug|Any CPU.Build.0 = Debug|Any CPU
		{5C1F1B98-7068-4696-A6AB-97BDF369A6B8}.Release|Any CPU.ActiveCfg = Release|Any CPU
		{5C1F1B98-7068-4696-A6AB-97BDF369A6B8}.Release|Any CPU.Build.0 = Release|Any CPU
	EndGlobalSection
	GlobalSection(SolutionProperties) = preSolution
		HideSolutionNode = FALSE
	EndGlobalSection
	GlobalSection(ExtensibilityGlobals) = postSolution
		SolutionGuid = {D8AA8E86-4E56-45FF-B303-328A1B4174CC}
	EndGlobalSection
EndGlobal
